
Microsoft Visual Studio Solution File, Format Version 12.00
# Visual Studio Version 16
VisualStudioVersion = 16.0.31624.102
MinimumVisualStudioVersion = 10.0.40219.1
Project("{9A19103F-16F7-4668-BE54-9A1E7A4F7556}") = "ConsoleApp2", "ConsoleApp2\ConsoleApp2.csproj", "{104A67C5-4243-4C23-921F-F1017CCA2A61}"
EndProject
Project("{FAE04EC0-301F-11D3-BF4B-00C04F79EFBC}") = "ClassLibrary1", "ClassLibrary1\ClassLibrary1.csproj", "{74A0567B-426A-47E1-B590-4D17E12C4476}"
EndProject
Global
	GlobalSection(SolutionConfigurationPlatforms) = preSolution
		Debug|Any CPU = Debug|Any CPU
		Release|Any CPU = Release|Any CPU
	EndGlobalSection
	GlobalSection(ProjectConfigurationPlatforms) = postSolution
		{104A67C5-4243-4C23-921F-F1017CCA2A61}.Debug|Any CPU.ActiveCfg = Debug|Any CPU
		{104A67C5-4243-4C23-921F-F1017CCA2A61}.Debug|Any CPU.Build.0 = Debug|Any CPU
		{104A67C5-4243-4C23-921F-F1017CCA2A61}.Release|Any CPU.ActiveCfg = Release|Any CPU
		{104A67C5-4243-4C23-921F-F1017CCA2A61}.Release|Any CPU.Build.0 = Release|Any CPU
		{74A0567B-426A-47E1-B590-4D17E12C4476}.Debug|Any CPU.ActiveCfg = Debug|Any CPU
		{74A0567B-426A-47E1-B590-4D17E12C4476}.Debug|Any CPU.Build.0 = Debug|Any CPU
		{74A0567B-426A-47E1-B590-4D17E12C4476}.Release|Any CPU.ActiveCfg = Release|Any CPU
		{74A0567B-426A-47E1-B590-4D17E12C4476}.Release|Any CPU.Build.0 = Release|Any CPU
	EndGlobalSection
	GlobalSection(SolutionProperties) = preSolution
		HideSolutionNode = FALSE
	EndGlobalSection
	GlobalSection(ExtensibilityGlobals) = postSolution
		SolutionGuid = {CB6DE28E-B6F1-4BA5-B211-1B0CF506E7F0}
	EndGlobalSection
EndGlobal
